PODS:
  - Mapbox-iOS-SDK (4.10.0)
  - PureLayout (3.1.4)

DEPENDENCIES:
  - Mapbox-iOS-SDK (~> 4.10.0)
  - PureLayout (= 3.1.4)

SPEC REPOS:
  https://github.com/cocoapods/specs.git:
    - Mapbox-iOS-SDK
    - PureLayout

SPEC CHECKSUMS:
  Mapbox-iOS-SDK: 8b1b777de7de373cdf000994c91af101ef886477
  PureLayout: f08c01b8dec00bb14a1fefa3de4c7d9c265df85e

PODFILE CHECKSUM: 2c849714b5cbf73fa8532fca0d8a805c7e9354a5

COCOAPODS: 1.6.1
